
Microsoft Visual Studio Solution File, Format Version 12.00
# Visual Studio 15
VisualStudioVersion = 15.0.26730.15
MinimumVisualStudioVersion = 10.0.40219.1
Project("{8BC9CEB8-8B4A-11D0-8D11-00A0C91BC942}") = "XenoCore", "src\XenoCore\XenoCore.vcxitems", "{6BB4A676-0392-435B-A94F-293E5EB68BA8}"
EndProject
Project("{8BC9CEB8-8B4A-11D0-8D11-00A0C91BC942}") = "XenoCore.Win32", "src\XenoCore.Win32\XenoCore.Win32.vcxproj", "{9D2C9E26-A13C-42B0-A49D-5E546115E86F}"
EndProject
Project("{2150E333-8FDC-42A3-9474-1A3956D46DE8}") = "Win32", "Win32", "{8D158DA6-2435-46D1-BDC1-C210995B8BA0}"
EndProject
Project("{FAE04EC0-301F-11D3-BF4B-00C04F79EFBC}") = "XenoCore.Editor", "src\XenoCore.Editor\XenoCore.Editor.csproj", "{8805289A-4565-4B40-9835-CEDE7325E9BF}"
EndProject
Project("{FAE04EC0-301F-11D3-BF4B-00C04F79EFBC}") = "BindingsGenerator", "src\BindingsGenerator\BindingsGenerator.csproj", "{DE056C05-0278-42FD-92E5-3AD1B2705A34}"
EndProject
Project("{8BC9CEB8-8B4A-11D0-8D11-00A0C91BC942}") = "XenoCore.Win32.NET", "src\XenoCore.Win32.NET\XenoCore.Win32.NET.vcxproj", "{2EFCA3BD-D2E8-48CE-927B-9339BCED1133}"
EndProject
Global
	GlobalSection(SolutionConfigurationPlatforms) = preSolution
		Debug|x64 = Debug|x64
		Release|x64 = Release|x64
	EndGlobalSection
	GlobalSection(ProjectConfigurationPlatforms) = postSolution
		{9D2C9E26-A13C-42B0-A49D-5E546115E86F}.Debug|x64.ActiveCfg = Debug|x64
		{9D2C9E26-A13C-42B0-A49D-5E546115E86F}.Debug|x64.Build.0 = Debug|x64
		{9D2C9E26-A13C-42B0-A49D-5E546115E86F}.Release|x64.ActiveCfg = Release|x64
		{9D2C9E26-A13C-42B0-A49D-5E546115E86F}.Release|x64.Build.0 = Release|x64
		{8805289A-4565-4B40-9835-CEDE7325E9BF}.Debug|x64.ActiveCfg = Debug|x64
		{8805289A-4565-4B40-9835-CEDE7325E9BF}.Debug|x64.Build.0 = Debug|x64
		{8805289A-4565-4B40-9835-CEDE7325E9BF}.Release|x64.ActiveCfg = Release|x64
		{8805289A-4565-4B40-9835-CEDE7325E9BF}.Release|x64.Build.0 = Release|x64
		{DE056C05-0278-42FD-92E5-3AD1B2705A34}.Debug|x64.ActiveCfg = Debug|x64
		{DE056C05-0278-42FD-92E5-3AD1B2705A34}.Debug|x64.Build.0 = Debug|x64
		{DE056C05-0278-42FD-92E5-3AD1B2705A34}.Release|x64.ActiveCfg = Release|x64
		{DE056C05-0278-42FD-92E5-3AD1B2705A34}.Release|x64.Build.0 = Release|x64
		{2EFCA3BD-D2E8-48CE-927B-9339BCED1133}.Debug|x64.ActiveCfg = Debug|x64
		{2EFCA3BD-D2E8-48CE-927B-9339BCED1133}.Debug|x64.Build.0 = Debug|x64
		{2EFCA3BD-D2E8-48CE-927B-9339BCED1133}.Release|x64.ActiveCfg = Release|x64
		{2EFCA3BD-D2E8-48CE-927B-9339BCED1133}.Release|x64.Build.0 = Release|x64
	EndGlobalSection
	GlobalSection(SolutionProperties) = preSolution
		HideSolutionNode = FALSE
	EndGlobalSection
	GlobalSection(NestedProjects) = preSolution
		{9D2C9E26-A13C-42B0-A49D-5E546115E86F} = {8D158DA6-2435-46D1-BDC1-C210995B8BA0}
		{2EFCA3BD-D2E8-48CE-927B-9339BCED1133} = {8D158DA6-2435-46D1-BDC1-C210995B8BA0}
	EndGlobalSection
	GlobalSection(ExtensibilityGlobals) = postSolution
		SolutionGuid = {3594A28E-BA59-49B3-B1E2-721A24913A17}
	EndGlobalSection
EndGlobal
